
Microsoft Visual Studio Solution File, Format Version 12.00
# Visual Studio Version 16
VisualStudioVersion = 16.0.33214.272
MinimumVisualStudioVersion = 10.0.40219.1
Project("{FAE04EC0-301F-11D3-BF4B-00C04F79EFBC}") = "PRACTICE_PROBLEM", "PRACTICE_PROBLEM\PRACTICE_PROBLEM.csproj", "{4A113131-D56F-40FC-8937-9AD9C5867305}"
EndProject
Global
	GlobalSection(SolutionConfigurationPlatforms) = preSolution
		Debug|Any CPU = Debug|Any CPU
		Release|Any CPU = Release|Any CPU
	EndGlobalSection
	GlobalSection(ProjectConfigurationPlatforms) = postSolution
		{4A113131-D56F-40FC-8937-9AD9C5867305}.Debug|Any CPU.ActiveCfg = Debug|Any CPU
		{4A113131-D56F-40FC-8937-9AD9C5867305}.Debug|Any CPU.Build.0 = Debug|Any CPU
		{4A113131-D56F-40FC-8937-9AD9C5867305}.Release|Any CPU.ActiveCfg = Release|Any CPU
		{4A113131-D56F-40FC-8937-9AD9C5867305}.Release|Any CPU.Build.0 = Release|Any CPU
	EndGlobalSection
	GlobalSection(SolutionProperties) = preSolution
		HideSolutionNode = FALSE
	EndGlobalSection
	GlobalSection(ExtensibilityGlobals) = postSolution
		SolutionGuid = {FA83240C-F515-415D-B610-F313B3FFD709}
	EndGlobalSection
EndGlobal
