
Microsoft Visual Studio Solution File, Format Version 12.00
# Visual Studio Version 16
VisualStudioVersion = 16.0.33214.272
MinimumVisualStudioVersion = 10.0.40219.1
Project("{FAE04EC0-301F-11D3-BF4B-00C04F79EFBC}") = "MODULE6_PERFORMANCE", "MODULE6_PERFORMANCE\MODULE6_PERFORMANCE.csproj", "{1E1E2373-576A-41AC-928E-DB2CEF0ACD7B}"
EndProject
Global
	GlobalSection(SolutionConfigurationPlatforms) = preSolution
		Debug|Any CPU = Debug|Any CPU
		Release|Any CPU = Release|Any CPU
	EndGlobalSection
	GlobalSection(ProjectConfigurationPlatforms) = postSolution
		{1E1E2373-576A-41AC-928E-DB2CEF0ACD7B}.Debug|Any CPU.ActiveCfg = Debug|Any CPU
		{1E1E2373-576A-41AC-928E-DB2CEF0ACD7B}.Debug|Any CPU.Build.0 = Debug|Any CPU
		{1E1E2373-576A-41AC-928E-DB2CEF0ACD7B}.Release|Any CPU.ActiveCfg = Release|Any CPU
		{1E1E2373-576A-41AC-928E-DB2CEF0ACD7B}.Release|Any CPU.Build.0 = Release|Any CPU
	EndGlobalSection
	GlobalSection(SolutionProperties) = preSolution
		HideSolutionNode = FALSE
	EndGlobalSection
	GlobalSection(ExtensibilityGlobals) = postSolution
		SolutionGuid = {55FFAB1C-AA36-4DAA-A636-E308D1472FDD}
	EndGlobalSection
EndGlobal
